
Microsoft Visual Studio Solution File, Format Version 12.00
# Visual Studio 2013
VisualStudioVersion = 12.0.40629.0
MinimumVisualStudioVersion = 10.0.40219.1
Project("{FAE04EC0-301F-11D3-BF4B-00C04F79EFBC}") = "Exel_3.0", "Exel_3.0\Exel_3.0.csproj", "{49C0FED9-E547-482A-A180-0FBBC0DAA935}"
EndProject
Global
	GlobalSection(SolutionConfigurationPlatforms) = preSolution
		Debug|Any CPU = Debug|Any CPU
		Release|Any CPU = Release|Any CPU
	EndGlobalSection
	GlobalSection(ProjectConfigurationPlatforms) = postSolution
		{49C0FED9-E547-482A-A180-0FBBC0DAA935}.Debug|Any CPU.ActiveCfg = Debug|Any CPU
		{49C0FED9-E547-482A-A180-0FBBC0DAA935}.Debug|Any CPU.Build.0 = Debug|Any CPU
		{49C0FED9-E547-482A-A180-0FBBC0DAA935}.Release|Any CPU.ActiveCfg = Release|Any CPU
		{49C0FED9-E547-482A-A180-0FBBC0DAA935}.Release|Any CPU.Build.0 = Release|Any CPU
	EndGlobalSection
	GlobalSection(SolutionProperties) = preSolution
		HideSolutionNode = FALSE
	EndGlobalSection
	GlobalSection(ExtensibilityGlobals) = postSolution
		SolutionGuid = {1EE938F1-9190-4F7B-A393-5D8071BE8640}
	EndGlobalSection
EndGlobal
